lockfileVersion: '9.0'

settings:
  autoInstallPeers: true
  excludeLinksFromLockfile: false

importers:

  .:
    dependencies:
      '@effect/platform':
        specifier: ^0.88.1
        version: 0.88.1(effect@3.16.14)
      '@effect/platform-node':
        specifier: ^0.91.0
        version: 0.91.0(@effect/cluster@0.29.22(@effect/platform@0.88.1(effect@3.16.14))(@effect/rpc@0.55.17(@effect/platform@0.88.1(effect@3.16.14))(effect@3.16.14))(@effect/sql@0.33.21(@effect/experimental@0.44.21(@effect/platform@0.88.1(effect@3.16.14))(effect@3.16.14))(@effect/platform@0.88.1(effect@3.16.14))(effect@3.16.14))(effect@3.16.14))(@effect/platform@0.88.1(effect@3.16.14))(@effect/rpc@0.55.17(@effect/platform@0.88.1(effect@3.16.14))(effect@3.16.14))(@effect/sql@0.33.21(@effect/experimental@0.44.21(@effect/platform@0.88.1(effect@3.16.14))(effect@3.16.14))(@effect/platform@0.88.1(effect@3.16.14))(effect@3.16.14))(effect@3.16.14)
      effect:
        specifier: ^3.16.13
        version: 3.16.14
      effect-http:
        specifier: ^0.87.0
        version: 0.87.0(@effect/platform@0.88.1(effect@3.16.14))(effect@3.16.14)
      effect-http-node:
        specifier: ^0.27.0
        version: 0.27.0(@effect/platform-node@0.91.0(@effect/cluster@0.29.22(@effect/platform@0.88.1(effect@3.16.14))(@effect/rpc@0.55.17(@effect/platform@0.88.1(effect@3.16.14))(effect@3.16.14))(@effect/sql@0.33.21(@effect/experimental@0.44.21(@effect/platform@0.88.1(effect@3.16.14))(effect@3.16.14))(@effect/platform@0.88.1(effect@3.16.14))(effect@3.16.14))(effect@3.16.14))(@effect/platform@0.88.1(effect@3.16.14))(@effect/rpc@0.55.17(@effect/platform@0.88.1(effect@3.16.14))(effect@3.16.14))(@effect/sql@0.33.21(@effect/experimental@0.44.21(@effect/platform@0.88.1(effect@3.16.14))(effect@3.16.14))(@effect/platform@0.88.1(effect@3.16.14))(effect@3.16.14))(effect@3.16.14))(@effect/platform@0.88.1(effect@3.16.14))(effect-http@0.87.0(@effect/platform@0.88.1(effect@3.16.14))(effect@3.16.14))(effect@3.16.14)
      marked:
        specifier: ^16.0.0
        version: 16.0.0
    devDependencies:
      '@eslint/js':
        specifier: ^9.31.0
        version: 9.31.0
      '@prettier/plugin-oxc':
        specifier: ^0.0.4
        version: 0.0.4
      oxlint:
        specifier: ^1.6.0
        version: 1.6.0
      prettier:
        specifier: ^3.6.2
        version: 3.6.2
      tsx:
        specifier: ^4.20.3
        version: 4.20.3
      typescript:
        specifier: ^5.8.3
        version: 5.8.3

packages:

  '@effect/cluster@0.29.22':
    resolution: {integrity: sha512-lhGBFrX1hgJi/j6u62eNGV+lhij+R64+SVtJGz4aDW9w7t3wPm3nfmKDhXhqHLWDFKS03/TRY+6zIxV3FeXzrA==}
    peerDependencies:
      '@effect/platform': ^0.80.12
      '@effect/rpc': ^0.55.17
      '@effect/sql': ^0.33.12
      effect: ^3.14.12

  '@effect/experimental@0.44.21':
    resolution: {integrity: sha512-ojoFJc5BSlnwMCKyRvth3dhGtXY6hF5ta92PSCUxtrBrEBvVShvthfnXQ65yU6VXgUuVsgmL63OR4L4dWjgSyw==}
    peerDependencies:
      '@effect/platform': ^0.80.21
      effect: ^3.14.21
      ioredis: ^5
      lmdb: ^3
    peerDependenciesMeta:
      ioredis:
        optional: true
      lmdb:
        optional: true

  '@effect/platform-node-shared@0.44.0':
    resolution: {integrity: sha512-UvMExEu5TUdlzJRe2O87K8+ttie0VfA26J/82uAXCAMCmi139EQvzBEbX7yE1iYIruH9CmypKXKFLU61VxSlnw==}
    peerDependencies:
      '@effect/cluster': ^0.43.0
      '@effect/platform': ^0.88.1
      '@effect/rpc': ^0.65.1
      '@effect/sql': ^0.42.0
      effect: ^3.16.14

  '@effect/platform-node@0.91.0':
    resolution: {integrity: sha512-oHDcCilVLX1YEK6u0ukaNuYb03wLaCUTlws5JaGXsBjjdMlf3+bEW9i30bKFmf+B+uXheflf8X3MyZ3p94sXZA==}
    peerDependencies:
      '@effect/cluster': ^0.43.0
      '@effect/platform': ^0.88.1
      '@effect/rpc': ^0.65.1
      '@effect/sql': ^0.42.0
      effect: ^3.16.14

  '@effect/platform@0.88.1':
    resolution: {integrity: sha512-12cRbqva8AFwEqCpa3d9nMmhvEYWk/lh/vo8Um4iOCFyTbc+ASe0zsI2MLJAVf1K0/TmpB0w+byEZLx6qCaxyw==}
    peerDependencies:
      effect: ^3.16.14

  '@effect/rpc@0.55.17':
    resolution: {integrity: sha512-1X6WHdxX4c906CKqz0jO6wQGbZpPY9h3ErRZd7xvtPrXkbfSR02QJotenbjQ844XSpIgI4qc3OzSxVrHgF3SJQ==}
    peerDependencies:
      '@effect/platform': ^0.80.12
      effect: ^3.14.12

  '@effect/sql@0.33.21':
    resolution: {integrity: sha512-QaliEVFZuOjZ/lk1HeumYb28jy5tJIl7zwRcYoUY74ztry1S/xY9bKe/2i1gsD0GXbBXnCeX9JMmxH37xqZVHw==}
    peerDependencies:
      '@effect/experimental': ^0.44.21
      '@effect/platform': ^0.80.21
      effect: ^3.14.21

  '@emnapi/core@1.4.4':
    resolution: {integrity: sha512-A9CnAbC6ARNMKcIcrQwq6HeHCjpcBZ5wSx4U01WXCqEKlrzB9F9315WDNHkrs2xbx7YjjSxbUYxuN6EQzpcY2g==}

  '@emnapi/runtime@1.4.4':
    resolution: {integrity: sha512-hHyapA4A3gPaDCNfiqyZUStTMqIkKRshqPIuDOXv1hcBnD4U3l8cP0T1HMCfGRxQ6V64TGCcoswChANyOAwbQg==}

  '@emnapi/wasi-threads@1.0.3':
    resolution: {integrity: sha512-8K5IFFsQqF9wQNJptGbS6FNKgUTsSRYnTqNCG1vPP8jFdjSv18n2mQfJpkt2Oibo9iBEzcDnDxNwKTzC7svlJw==}

  '@esbuild/aix-ppc64@0.25.6':
    resolution: {integrity: sha512-ShbM/3XxwuxjFiuVBHA+d3j5dyac0aEVVq1oluIDf71hUw0aRF59dV/efUsIwFnR6m8JNM2FjZOzmaZ8yG61kw==}
    engines: {node: '>=18'}
    cpu: [ppc64]
    os: [aix]

  '@esbuild/android-arm64@0.25.6':
    resolution: {integrity: sha512-hd5zdUarsK6strW+3Wxi5qWws+rJhCCbMiC9QZyzoxfk5uHRIE8T287giQxzVpEvCwuJ9Qjg6bEjcRJcgfLqoA==}
    engines: {node: '>=18'}
    cpu: [arm64]
    os: [android]

  '@esbuild/android-arm@0.25.6':
    resolution: {integrity: sha512-S8ToEOVfg++AU/bHwdksHNnyLyVM+eMVAOf6yRKFitnwnbwwPNqKr3srzFRe7nzV69RQKb5DgchIX5pt3L53xg==}
    engines: {node: '>=18'}
    cpu: [arm]
    os: [android]

  '@esbuild/android-x64@0.25.6':
    resolution: {integrity: sha512-0Z7KpHSr3VBIO9A/1wcT3NTy7EB4oNC4upJ5ye3R7taCc2GUdeynSLArnon5G8scPwaU866d3H4BCrE5xLW25A==}
    engines: {node: '>=18'}
    cpu: [x64]
    os: [android]

  '@esbuild/darwin-arm64@0.25.6':
    resolution: {integrity: sha512-FFCssz3XBavjxcFxKsGy2DYK5VSvJqa6y5HXljKzhRZ87LvEi13brPrf/wdyl/BbpbMKJNOr1Sd0jtW4Ge1pAA==}
    engines: {node: '>=18'}
    cpu: [arm64]
    os: [darwin]

  '@esbuild/darwin-x64@0.25.6':
    resolution: {integrity: sha512-GfXs5kry/TkGM2vKqK2oyiLFygJRqKVhawu3+DOCk7OxLy/6jYkWXhlHwOoTb0WqGnWGAS7sooxbZowy+pK9Yg==}
    engines: {node: '>=18'}
    cpu: [x64]
    os: [darwin]

  '@esbuild/freebsd-arm64@0.25.6':
    resolution: {integrity: sha512-aoLF2c3OvDn2XDTRvn8hN6DRzVVpDlj2B/F66clWd/FHLiHaG3aVZjxQX2DYphA5y/evbdGvC6Us13tvyt4pWg==}
    engines: {node: '>=18'}
    cpu: [arm64]
    os: [freebsd]

  '@esbuild/freebsd-x64@0.25.6':
    resolution: {integrity: sha512-2SkqTjTSo2dYi/jzFbU9Plt1vk0+nNg8YC8rOXXea+iA3hfNJWebKYPs3xnOUf9+ZWhKAaxnQNUf2X9LOpeiMQ==}
    engines: {node: '>=18'}
    cpu: [x64]
    os: [freebsd]

  '@esbuild/linux-arm64@0.25.6':
    resolution: {integrity: sha512-b967hU0gqKd9Drsh/UuAm21Khpoh6mPBSgz8mKRq4P5mVK8bpA+hQzmm/ZwGVULSNBzKdZPQBRT3+WuVavcWsQ==}
    engines: {node: '>=18'}
    cpu: [arm64]
    os: [linux]

  '@esbuild/linux-arm@0.25.6':
    resolution: {integrity: sha512-SZHQlzvqv4Du5PrKE2faN0qlbsaW/3QQfUUc6yO2EjFcA83xnwm91UbEEVx4ApZ9Z5oG8Bxz4qPE+HFwtVcfyw==}
    engines: {node: '>=18'}
    cpu: [arm]
    os: [linux]

  '@esbuild/linux-ia32@0.25.6':
    resolution: {integrity: sha512-aHWdQ2AAltRkLPOsKdi3xv0mZ8fUGPdlKEjIEhxCPm5yKEThcUjHpWB1idN74lfXGnZ5SULQSgtr5Qos5B0bPw==}
    engines: {node: '>=18'}
    cpu: [ia32]
    os: [linux]

  '@esbuild/linux-loong64@0.25.6':
    resolution: {integrity: sha512-VgKCsHdXRSQ7E1+QXGdRPlQ/e08bN6WMQb27/TMfV+vPjjTImuT9PmLXupRlC90S1JeNNW5lzkAEO/McKeJ2yg==}
    engines: {node: '>=18'}
    cpu: [loong64]
    os: [linux]

  '@esbuild/linux-mips64el@0.25.6':
    resolution: {integrity: sha512-WViNlpivRKT9/py3kCmkHnn44GkGXVdXfdc4drNmRl15zVQ2+D2uFwdlGh6IuK5AAnGTo2qPB1Djppj+t78rzw==}
    engines: {node: '>=18'}
    cpu: [mips64el]
    os: [linux]

  '@esbuild/linux-ppc64@0.25.6':
    resolution: {integrity: sha512-wyYKZ9NTdmAMb5730I38lBqVu6cKl4ZfYXIs31Baf8aoOtB4xSGi3THmDYt4BTFHk7/EcVixkOV2uZfwU3Q2Jw==}
    engines: {node: '>=18'}
    cpu: [ppc64]
    os: [linux]

  '@esbuild/linux-riscv64@0.25.6':
    resolution: {integrity: sha512-KZh7bAGGcrinEj4qzilJ4hqTY3Dg2U82c8bv+e1xqNqZCrCyc+TL9AUEn5WGKDzm3CfC5RODE/qc96OcbIe33w==}
    engines: {node: '>=18'}
    cpu: [riscv64]
    os: [linux]

  '@esbuild/linux-s390x@0.25.6':
    resolution: {integrity: sha512-9N1LsTwAuE9oj6lHMyyAM+ucxGiVnEqUdp4v7IaMmrwb06ZTEVCIs3oPPplVsnjPfyjmxwHxHMF8b6vzUVAUGw==}
    engines: {node: '>=18'}
    cpu: [s390x]
    os: [linux]

  '@esbuild/linux-x64@0.25.6':
    resolution: {integrity: sha512-A6bJB41b4lKFWRKNrWoP2LHsjVzNiaurf7wyj/XtFNTsnPuxwEBWHLty+ZE0dWBKuSK1fvKgrKaNjBS7qbFKig==}
    engines: {node: '>=18'}
    cpu: [x64]
    os: [linux]

  '@esbuild/netbsd-arm64@0.25.6':
    resolution: {integrity: sha512-IjA+DcwoVpjEvyxZddDqBY+uJ2Snc6duLpjmkXm/v4xuS3H+3FkLZlDm9ZsAbF9rsfP3zeA0/ArNDORZgrxR/Q==}
    engines: {node: '>=18'}
    cpu: [arm64]
    os: [netbsd]

  '@esbuild/netbsd-x64@0.25.6':
    resolution: {integrity: sha512-dUXuZr5WenIDlMHdMkvDc1FAu4xdWixTCRgP7RQLBOkkGgwuuzaGSYcOpW4jFxzpzL1ejb8yF620UxAqnBrR9g==}
    engines: {node: '>=18'}
    cpu: [x64]
    os: [netbsd]

  '@esbuild/openbsd-arm64@0.25.6':
    resolution: {integrity: sha512-l8ZCvXP0tbTJ3iaqdNf3pjaOSd5ex/e6/omLIQCVBLmHTlfXW3zAxQ4fnDmPLOB1x9xrcSi/xtCWFwCZRIaEwg==}
    engines: {node: '>=18'}
    cpu: [arm64]
    os: [openbsd]

  '@esbuild/openbsd-x64@0.25.6':
    resolution: {integrity: sha512-hKrmDa0aOFOr71KQ/19JC7az1P0GWtCN1t2ahYAf4O007DHZt/dW8ym5+CUdJhQ/qkZmI1HAF8KkJbEFtCL7gw==}
    engines: {node: '>=18'}
    cpu: [x64]
    os: [openbsd]

  '@esbuild/openharmony-arm64@0.25.6':
    resolution: {integrity: sha512-+SqBcAWoB1fYKmpWoQP4pGtx+pUUC//RNYhFdbcSA16617cchuryuhOCRpPsjCblKukAckWsV+aQ3UKT/RMPcA==}
    engines: {node: '>=18'}
    cpu: [arm64]
    os: [openharmony]

  '@esbuild/sunos-x64@0.25.6':
    resolution: {integrity: sha512-dyCGxv1/Br7MiSC42qinGL8KkG4kX0pEsdb0+TKhmJZgCUDBGmyo1/ArCjNGiOLiIAgdbWgmWgib4HoCi5t7kA==}
    engines: {node: '>=18'}
    cpu: [x64]
    os: [sunos]

  '@esbuild/win32-arm64@0.25.6':
    resolution: {integrity: sha512-42QOgcZeZOvXfsCBJF5Afw73t4veOId//XD3i+/9gSkhSV6Gk3VPlWncctI+JcOyERv85FUo7RxuxGy+z8A43Q==}
    engines: {node: '>=18'}
    cpu: [arm64]
    os: [win32]

  '@esbuild/win32-ia32@0.25.6':
    resolution: {integrity: sha512-4AWhgXmDuYN7rJI6ORB+uU9DHLq/erBbuMoAuB4VWJTu5KtCgcKYPynF0YI1VkBNuEfjNlLrFr9KZPJzrtLkrQ==}
    engines: {node: '>=18'}
    cpu: [ia32]
    os: [win32]

  '@esbuild/win32-x64@0.25.6':
    resolution: {integrity: sha512-NgJPHHbEpLQgDH2MjQu90pzW/5vvXIZ7KOnPyNBm92A6WgZ/7b6fJyUBjoumLqeOQQGqY2QjQxRo97ah4Sj0cA==}
    engines: {node: '>=18'}
    cpu: [x64]
    os: [win32]

  '@eslint/js@9.31.0':
    resolution: {integrity: sha512-LOm5OVt7D4qiKCqoiPbA7LWmI+tbw1VbTUowBcUMgQSuM6poJufkFkYDcQpo5KfgD39TnNySV26QjOh7VFpSyw==}
    engines: {node: ^18.18.0 || ^20.9.0 || >=21.1.0}

  '@msgpackr-extract/msgpackr-extract-darwin-arm64@3.0.3':
    resolution: {integrity: sha512-QZHtlVgbAdy2zAqNA9Gu1UpIuI8Xvsd1v8ic6B2pZmeFnFcMWiPLfWXh7TVw4eGEZ/C9TH281KwhVoeQUKbyjw==}
    cpu: [arm64]
    os: [darwin]

  '@msgpackr-extract/msgpackr-extract-darwin-x64@3.0.3':
    resolution: {integrity: sha512-mdzd3AVzYKuUmiWOQ8GNhl64/IoFGol569zNRdkLReh6LRLHOXxU4U8eq0JwaD8iFHdVGqSy4IjFL4reoWCDFw==}
    cpu: [x64]
    os: [darwin]

  '@msgpackr-extract/msgpackr-extract-linux-arm64@3.0.3':
    resolution: {integrity: sha512-YxQL+ax0XqBJDZiKimS2XQaf+2wDGVa1enVRGzEvLLVFeqa5kx2bWbtcSXgsxjQB7nRqqIGFIcLteF/sHeVtQg==}
    cpu: [arm64]
    os: [linux]

  '@msgpackr-extract/msgpackr-extract-linux-arm@3.0.3':
    resolution: {integrity: sha512-fg0uy/dG/nZEXfYilKoRe7yALaNmHoYeIoJuJ7KJ+YyU2bvY8vPv27f7UKhGRpY6euFYqEVhxCFZgAUNQBM3nw==}
    cpu: [arm]
    os: [linux]

  '@msgpackr-extract/msgpackr-extract-linux-x64@3.0.3':
    resolution: {integrity: sha512-cvwNfbP07pKUfq1uH+S6KJ7dT9K8WOE4ZiAcsrSes+UY55E/0jLYc+vq+DO7jlmqRb5zAggExKm0H7O/CBaesg==}
    cpu: [x64]
    os: [linux]

  '@msgpackr-extract/msgpackr-extract-win32-x64@3.0.3':
    resolution: {integrity: sha512-x0fWaQtYp4E6sktbsdAqnehxDgEc/VwM7uLsRCYWaiGu0ykYdZPiS8zCWdnjHwyiumousxfBm4SO31eXqwEZhQ==}
    cpu: [x64]
    os: [win32]

  '@napi-rs/wasm-runtime@0.2.12':
    resolution: {integrity: sha512-ZVWUcfwY4E/yPitQJl481FjFo3K22D6qF0DuFH6Y/nbnE11GY5uguDxZMGXPQ8WQ0128MXQD7TnfHyK4oWoIJQ==}

  '@opentelemetry/semantic-conventions@1.36.0':
    resolution: {integrity: sha512-TtxJSRD8Ohxp6bKkhrm27JRHAxPczQA7idtcTOMYI+wQRRrfgqxHv1cFbCApcSnNjtXkmzFozn6jQtFrOmbjPQ==}
    engines: {node: '>=14'}

  '@oxc-parser/binding-android-arm64@0.74.0':
    resolution: {integrity: sha512-lgq8TJq22eyfojfa2jBFy2m66ckAo7iNRYDdyn9reXYA3I6Wx7tgGWVx1JAp1lO+aUiqdqP/uPlDaETL9tqRcg==}
    engines: {node: '>=20.0.0'}
    cpu: [arm64]
    os: [android]

  '@oxc-parser/binding-darwin-arm64@0.74.0':
    resolution: {integrity: sha512-xbY/io/hkARggbpYEMFX6CwFzb7f4iS6WuBoBeZtdqRWfIEi7sm/uYWXfyVeB8uqOATvJ07WRFC2upI8PSI83g==}
    engines: {node: '>=20.0.0'}
    cpu: [arm64]
    os: [darwin]

  '@oxc-parser/binding-darwin-x64@0.74.0':
    resolution: {integrity: sha512-FIj2gAGtFaW0Zk+TnGyenMUoRu1ju+kJ/h71D77xc1owOItbFZFGa+4WSVck1H8rTtceeJlK+kux+vCjGFCl9Q==}
    engines: {node: '>=20.0.0'}
    cpu: [x64]
    os: [darwin]

  '@oxc-parser/binding-freebsd-x64@0.74.0':
    resolution: {integrity: sha512-W1I+g5TJg0TRRMHgEWNWsTIfe782V3QuaPgZxnfPNmDMywYdtlzllzclBgaDq6qzvZCCQc/UhvNb37KWTCTj8A==}
    engines: {node: '>=20.0.0'}
    cpu: [x64]
    os: [freebsd]

  '@oxc-parser/binding-linux-arm-gnueabihf@0.74.0':
    resolution: {integrity: sha512-gxqkyRGApeVI8dgvJ19SYe59XASW3uVxF1YUgkE7peW/XIg5QRAOVTFKyTjI9acYuK1MF6OJHqx30cmxmZLtiQ==}
    engines: {node: '>=20.0.0'}
    cpu: [arm]
    os: [linux]

  '@oxc-parser/binding-linux-arm-musleabihf@0.74.0':
    resolution: {integrity: sha512-jpnAUP4Fa93VdPPDzxxBguJmldj/Gpz7wTXKFzpAueqBMfZsy9KNC+0qT2uZ9HGUDMzNuKw0Se3bPCpL/gfD2Q==}
    engines: {node: '>=20.0.0'}
    cpu: [arm]
    os: [linux]

  '@oxc-parser/binding-linux-arm64-gnu@0.74.0':
    resolution: {integrity: sha512-fcWyM7BNfCkHqIf3kll8fJctbR/PseL4RnS2isD9Y3FFBhp4efGAzhDaxIUK5GK7kIcFh1P+puIRig8WJ6IMVQ==}
    engines: {node: '>=20.0.0'}
    cpu: [arm64]
    os: [linux]

  '@oxc-parser/binding-linux-arm64-musl@0.74.0':
    resolution: {integrity: sha512-AMY30z/C77HgiRRJX7YtVUaelKq1ex0aaj28XoJu4SCezdS8i0IftUNTtGS1UzGjGZB8zQz5SFwVy4dRu4GLwg==}
    engines: {node: '>=20.0.0'}
    cpu: [arm64]
    os: [linux]

  '@oxc-parser/binding-linux-riscv64-gnu@0.74.0':
    resolution: {integrity: sha512-/RZAP24TgZo4vV/01TBlzRqs0R7E6xvatww4LnmZEBBulQBU/SkypDywfriFqWuFoa61WFXPV7sLcTjJGjim/w==}
    engines: {node: '>=20.0.0'}
    cpu: [riscv64]
    os: [linux]

  '@oxc-parser/binding-linux-s390x-gnu@0.74.0':
    resolution: {integrity: sha512-620J1beNAlGSPBD+Msb3ptvrwxu04B8iULCH03zlf0JSLy/5sqlD6qBs0XUVkUJv1vbakUw1gfVnUQqv0UTuEg==}
    engines: {node: '>=20.0.0'}
    cpu: [s390x]
    os: [linux]

  '@oxc-parser/binding-linux-x64-gnu@0.74.0':
    resolution: {integrity: sha512-WBFgQmGtFnPNzHyLKbC1wkYGaRIBxXGofO0+hz1xrrkPgbxbJS1Ukva1EB8sPaVBBQ52Bdc2GjLSp721NWRvww==}
    engines: {node: '>=20.0.0'}
    cpu: [x64]
    os: [linux]

  '@oxc-parser/binding-linux-x64-musl@0.74.0':
    resolution: {integrity: sha512-y4mapxi0RGqlp3t6Sm+knJlAEqdKDYrEue2LlXOka/F2i4sRN0XhEMPiSOB3ppHmvK4I2zY2XBYTsX1Fel0fAg==}
    engines: {node: '>=20.0.0'}
    cpu: [x64]
    os: [linux]

  '@oxc-parser/binding-wasm32-wasi@0.74.0':
    resolution: {integrity: sha512-yDS9bRDh5ymobiS2xBmjlrGdUuU61IZoJBaJC5fELdYT5LJNBXlbr3Yc6m2PWfRJwkH6Aq5fRvxAZ4wCbkGa8w==}
    engines: {node: '>=14.0.0'}
    cpu: [wasm32]

  '@oxc-parser/binding-win32-arm64-msvc@0.74.0':
    resolution: {integrity: sha512-XFWY52Rfb4N5wEbMCTSBMxRkDLGbAI9CBSL24BIDywwDJMl31gHEVlmHdCDRoXAmanCI6gwbXYTrWe0HvXJ7Aw==}
    engines: {node: '>=20.0.0'}
    cpu: [arm64]
    os: [win32]

  '@oxc-parser/binding-win32-x64-msvc@0.74.0':
    resolution: {integrity: sha512-1D3x6iU2apLyfTQHygbdaNbX3nZaHu4yaXpD7ilYpoLo7f0MX0tUuoDrqJyJrVGqvyXgc0uz4yXz9tH9ZZhvvg==}
    engines: {node: '>=20.0.0'}
    cpu: [x64]
    os: [win32]

  '@oxc-project/types@0.74.0':
    resolution: {integrity: sha512-KOw/RZrVlHGhCXh1RufBFF7Nuo7HdY5w1lRJukM/igIl6x9qtz8QycDvZdzb4qnHO7znrPyo2sJrFJK2eKHgfQ==}

  '@oxlint/darwin-arm64@1.6.0':
    resolution: {integrity: sha512-m3wyqBh1TOHjpr/dXeIZY7OoX+MQazb+bMHQdDtwUvefrafUx+5YHRvulYh1sZSQ449nQ3nk3qj5qj535vZRjg==}
    cpu: [arm64]
    os: [darwin]

  '@oxlint/darwin-x64@1.6.0':
    resolution: {integrity: sha512-75fJfF/9xNypr7cnOYoZBhfmG1yP7ex3pUOeYGakmtZRffO9z1i1quLYhjZsmaDXsAIZ3drMhenYHMmFKS3SRg==}
    cpu: [x64]
    os: [darwin]

  '@oxlint/linux-arm64-gnu@1.6.0':
    resolution: {integrity: sha512-YhXGf0FXa72bEt4F7eTVKx5X3zWpbAOPnaA/dZ6/g8tGhw1m9IFjrabVHFjzcx3dQny4MgA59EhyElkDvpUe8A==}
    cpu: [arm64]
    os: [linux]

  '@oxlint/linux-arm64-musl@1.6.0':
    resolution: {integrity: sha512-T3JDhx8mjGjvh5INsPZJrlKHmZsecgDYvtvussKRdkc1Nnn7WC+jH9sh5qlmYvwzvmetlPVNezAoNvmGO9vtMg==}
    cpu: [arm64]
    os: [linux]

  '@oxlint/linux-x64-gnu@1.6.0':
    resolution: {integrity: sha512-Dx7ghtAl8aXBdqofJpi338At6lkeCtTfoinTYQXd9/TEJx+f+zCGNlQO6nJz3ydJBX48FDuOFKkNC+lUlWrd8w==}
    cpu: [x64]
    os: [linux]

  '@oxlint/linux-x64-musl@1.6.0':
    resolution: {integrity: sha512-7KvMGdWmAZtAtg6IjoEJHKxTXdAcrHnUnqfgs0JpXst7trquV2mxBeRZusQXwxpu4HCSomKMvJfsp1qKaqSFDg==}
    cpu: [x64]
    os: [linux]

  '@oxlint/win32-arm64@1.6.0':
    resolution: {integrity: sha512-iSGC9RwX+dl7o5KFr5aH7Gq3nFbkq/3Gda6mxNPMvNkWrgXdIyiINxpyD8hJu566M+QSv1wEAu934BZotFDyoQ==}
    cpu: [arm64]
    os: [win32]

  '@oxlint/win32-x64@1.6.0':
    resolution: {integrity: sha512-jOj3L/gfLc0IwgOTkZMiZ5c673i/hbAmidlaylT0gE6H18hln9HxPgp5GCf4E4y6mwEJlW8QC5hQi221+9otdA==}
    cpu: [x64]
    os: [win32]

  '@parcel/watcher-android-arm64@2.5.1':
    resolution: {integrity: sha512-KF8+j9nNbUN8vzOFDpRMsaKBHZ/mcjEjMToVMJOhTozkDonQFFrRcfdLWn6yWKCmJKmdVxSgHiYvTCef4/qcBA==}
    engines: {node: '>= 10.0.0'}
    cpu: [arm64]
    os: [android]

  '@parcel/watcher-darwin-arm64@2.5.1':
    resolution: {integrity: sha512-eAzPv5osDmZyBhou8PoF4i6RQXAfeKL9tjb3QzYuccXFMQU0ruIc/POh30ePnaOyD1UXdlKguHBmsTs53tVoPw==}
    engines: {node: '>= 10.0.0'}
    cpu: [arm64]
    os: [darwin]

  '@parcel/watcher-darwin-x64@2.5.1':
    resolution: {integrity: sha512-1ZXDthrnNmwv10A0/3AJNZ9JGlzrF82i3gNQcWOzd7nJ8aj+ILyW1MTxVk35Db0u91oD5Nlk9MBiujMlwmeXZg==}
    engines: {node: '>= 10.0.0'}
    cpu: [x64]
    os: [darwin]

  '@parcel/watcher-freebsd-x64@2.5.1':
    resolution: {integrity: sha512-SI4eljM7Flp9yPuKi8W0ird8TI/JK6CSxju3NojVI6BjHsTyK7zxA9urjVjEKJ5MBYC+bLmMcbAWlZ+rFkLpJQ==}
    engines: {node: '>= 10.0.0'}
    cpu: [x64]
    os: [freebsd]

  '@parcel/watcher-linux-arm-glibc@2.5.1':
    resolution: {integrity: sha512-RCdZlEyTs8geyBkkcnPWvtXLY44BCeZKmGYRtSgtwwnHR4dxfHRG3gR99XdMEdQ7KeiDdasJwwvNSF5jKtDwdA==}
    engines: {node: '>= 10.0.0'}
    cpu: [arm]
    os: [linux]

  '@parcel/watcher-linux-arm-musl@2.5.1':
    resolution: {integrity: sha512-6E+m/Mm1t1yhB8X412stiKFG3XykmgdIOqhjWj+VL8oHkKABfu/gjFj8DvLrYVHSBNC+/u5PeNrujiSQ1zwd1Q==}
    engines: {node: '>= 10.0.0'}
    cpu: [arm]
    os: [linux]

  '@parcel/watcher-linux-arm64-glibc@2.5.1':
    resolution: {integrity: sha512-LrGp+f02yU3BN9A+DGuY3v3bmnFUggAITBGriZHUREfNEzZh/GO06FF5u2kx8x+GBEUYfyTGamol4j3m9ANe8w==}
    engines: {node: '>= 10.0.0'}
    cpu: [arm64]
    os: [linux]

  '@parcel/watcher-linux-arm64-musl@2.5.1':
    resolution: {integrity: sha512-cFOjABi92pMYRXS7AcQv9/M1YuKRw8SZniCDw0ssQb/noPkRzA+HBDkwmyOJYp5wXcsTrhxO0zq1U11cK9jsFg==}
    engines: {node: '>= 10.0.0'}
    cpu: [arm64]
    os: [linux]

  '@parcel/watcher-linux-x64-glibc@2.5.1':
    resolution: {integrity: sha512-GcESn8NZySmfwlTsIur+49yDqSny2IhPeZfXunQi48DMugKeZ7uy1FX83pO0X22sHntJ4Ub+9k34XQCX+oHt2A==}
    engines: {node: '>= 10.0.0'}
    cpu: [x64]
    os: [linux]

  '@parcel/watcher-linux-x64-musl@2.5.1':
    resolution: {integrity: sha512-n0E2EQbatQ3bXhcH2D1XIAANAcTZkQICBPVaxMeaCVBtOpBZpWJuf7LwyWPSBDITb7In8mqQgJ7gH8CILCURXg==}
    engines: {node: '>= 10.0.0'}
    cpu: [x64]
    os: [linux]

  '@parcel/watcher-win32-arm64@2.5.1':
    resolution: {integrity: sha512-RFzklRvmc3PkjKjry3hLF9wD7ppR4AKcWNzH7kXR7GUe0Igb3Nz8fyPwtZCSquGrhU5HhUNDr/mKBqj7tqA2Vw==}
    engines: {node: '>= 10.0.0'}
    cpu: [arm64]
    os: [win32]

  '@parcel/watcher-win32-ia32@2.5.1':
    resolution: {integrity: sha512-c2KkcVN+NJmuA7CGlaGD1qJh1cLfDnQsHjE89E60vUEMlqduHGCdCLJCID5geFVM0dOtA3ZiIO8BoEQmzQVfpQ==}
    engines: {node: '>= 10.0.0'}
    cpu: [ia32]
    os: [win32]

  '@parcel/watcher-win32-x64@2.5.1':
    resolution: {integrity: sha512-9lHBdJITeNR++EvSQVUcaZoWupyHfXe1jZvGZ06O/5MflPcuPLtEphScIBL+AiCWBO46tDSHzWyD0uDmmZqsgA==}
    engines: {node: '>= 10.0.0'}
    cpu: [x64]
    os: [win32]

  '@parcel/watcher@2.5.1':
    resolution: {integrity: sha512-dfUnCxiN9H4ap84DvD2ubjw+3vUNpstxa0TneY/Paat8a3R4uQZDLSvWjmznAY/DoahqTHl9V46HF/Zs3F29pg==}
    engines: {node: '>= 10.0.0'}

  '@prettier/plugin-oxc@0.0.4':
    resolution: {integrity: sha512-UGXe+g/rSRbglL0FOJiar+a+nUrst7KaFmsg05wYbKiInGWP6eAj/f8A2Uobgo5KxEtb2X10zeflNH6RK2xeIQ==}
    engines: {node: '>=14'}

  '@scarf/scarf@1.4.0':
    resolution: {integrity: sha512-xxeapPiUXdZAE3che6f3xogoJPeZgig6omHEy1rIY5WVsB3H2BHNnZH+gHG6x91SCWyQCzWGsuL2Hh3ClO5/qQ==}

  '@standard-schema/spec@1.0.0':
    resolution: {integrity: sha512-m2bOd0f2RT9k8QJx1JN85cZYyH1RqFBdlwtkSlf4tBDYLCiiZnv1fIIwacK6cqwXavOydf0NPToMQgpKq+dVlA==}

  '@tybys/wasm-util@0.10.0':
    resolution: {integrity: sha512-VyyPYFlOMNylG45GoAe0xDoLwWuowvf92F9kySqzYh8vmYm7D2u4iUJKa1tOUpS70Ku13ASrOkS4ScXFsTaCNQ==}

  braces@3.0.3:
    resolution: {integrity: sha512-yQbXgO/OSZVD2IsiLlro+7Hf6Q18EJrKSEsdoMzKePKXct3gvD8oLcOQdIzGupr5Fj+EDe8gO/lxc1BzfMpxvA==}
    engines: {node: '>=8'}

  detect-libc@1.0.3:
    resolution: {integrity: sha512-pGjwhsmsp4kL2RTz08wcOlGN83otlqHeD/Z5T8GXZB+/YcpQ/dgo+lbU8ZsGxV0HIvqqxo9l7mqYwyYMD9bKDg==}
    engines: {node: '>=0.10'}
    hasBin: true

  detect-libc@2.0.4:
    resolution: {integrity: sha512-3UDv+G9CsCKO1WKMGw9fwq/SWJYbI0c5Y7LU1AXYoDdbhE2AHQ6N6Nb34sG8Fj7T5APy8qXDCKuuIHd1BR0tVA==}
    engines: {node: '>=8'}

  effect-http-node@0.27.0:
    resolution: {integrity: sha512-E7MC/YYt7mmD1WSNmvuThgFoa6iV0uQ6IZ5ZPDr7zyDoksVmFb2qmDC7Dtv0W/odrfrPVmUoaZKtZ79r8uDmUA==}
    peerDependencies:
      '@effect/platform': ^0.80.0
      '@effect/platform-node': ^0.76.0
      effect: ^3.14.0
      effect-http: ^0.87.0

  effect-http@0.87.0:
    resolution: {integrity: sha512-db931VsDNvY6bI1yY/XoRF3rhUQa72ph406OCqAo3uMYRiSQxpVWOXbXQ651rHsu/22u5U/WtAxJzG6DVxVa3A==}
    peerDependencies:
      '@effect/platform': ^0.80.0
      effect: ^3.14.0

  effect@3.16.14:
    resolution: {integrity: sha512-nOOljl7q/h3NlV3RzY0CM+YLe6PHU2aOlk9+pWNQlkpLmBBgDGOd6wXaZ6Z6+B0LT64T5jKlzpy3QCrx+wFqnw==}

  esbuild@0.25.6:
    resolution: {integrity: sha512-GVuzuUwtdsghE3ocJ9Bs8PNoF13HNQ5TXbEi2AhvVb8xU1Iwt9Fos9FEamfoee+u/TOsn7GUWc04lz46n2bbTg==}
    engines: {node: '>=18'}
    hasBin: true

  fast-check@3.23.2:
    resolution: {integrity: sha512-h5+1OzzfCC3Ef7VbtKdcv7zsstUQwUDlYpUTvjeUsJAssPgLn7QzbboPtL5ro04Mq0rPOsMzl7q5hIbRs2wD1A==}
    engines: {node: '>=8.0.0'}

  fill-range@7.1.1:
    resolution: {integrity: sha512-YsGpe3WHLK8ZYi4tWDg2Jy3ebRz2rXowDxnld4bkQB00cc/1Zw9AWnC0i9ztDJitivtQvaI9KaLyKrc+hBW0yg==}
    engines: {node: '>=8'}

  find-my-way-ts@0.1.6:
    resolution: {integrity: sha512-a85L9ZoXtNAey3Y6Z+eBWW658kO/MwR7zIafkIUPUMf3isZG0NCs2pjW2wtjxAKuJPxMAsHUIP4ZPGv0o5gyTA==}

  fsevents@2.3.3:
    resolution: {integrity: sha512-5xoDfX+fL7faATnagmWPpbFtwh/R77WmMMqqHGS65C3vvB0YHrgF+B1YmZ3441tMj5n63k0212XNoJwzlhffQw==}
    engines: {node: ^8.16.0 || ^10.6.0 || >=11.0.0}
    os: [darwin]

  get-tsconfig@4.10.1:
    resolution: {integrity: sha512-auHyJ4AgMz7vgS8Hp3N6HXSmlMdUyhSUrfBF16w153rxtLIEOE+HGqaBppczZvnHLqQJfiHotCYpNhl0lUROFQ==}

  is-extglob@2.1.1:
    resolution: {integrity: sha512-SbKbANkN603Vi4jEZv49LeVJMn4yGwsbzZworEoyEiutsN3nJYdbO36zfhGJ6QEDpOZIFkDtnq5JRxmvl3jsoQ==}
    engines: {node: '>=0.10.0'}

  is-glob@4.0.3:
    resolution: {integrity: sha512-xelSayHH36ZgE7ZWhli7pW34hNbNl8Ojv5KVmkJD4hBdD3th8Tfk9vYasLM+mXWOZhFkgZfxhLSnrwRr4elSSg==}
    engines: {node: '>=0.10.0'}

  is-number@7.0.0:
    resolution: {integrity: sha512-41Cifkg6e8TylSpdtTpeLVMqvSBEVzTttHvERD741+pnZ8ANv0004MRL43QKPDlK9cGvNp6NZWZUBlbGXYxxng==}
    engines: {node: '>=0.12.0'}

  marked@16.0.0:
    resolution: {integrity: sha512-MUKMXDjsD/eptB7GPzxo4xcnLS6oo7/RHimUMHEDRhUooPwmN9BEpMl7AEOJv3bmso169wHI2wUF9VQgL7zfmA==}
    engines: {node: '>= 20'}
    hasBin: true

  micromatch@4.0.8:
    resolution: {integrity: sha512-PXwfBhYu0hBCPw8Dn0E+WDYb7af3dSLVWKi3HGv84IdF4TyFoC0ysxFd0Goxw7nSv4T/PzEJQxsYsEiFCKo2BA==}
    engines: {node: '>=8.6'}

  mime@3.0.0:
    resolution: {integrity: sha512-jSCU7/VB1loIWBZe14aEYHU/+1UMEHoaO7qxCOVJOw9GgH72VAWppxNcjU+x9a2k3GSIBXNKxXQFqRvvZ7vr3A==}
    engines: {node: '>=10.0.0'}
    hasBin: true

  msgpackr-extract@3.0.3:
    resolution: {integrity: sha512-P0efT1C9jIdVRefqjzOQ9Xml57zpOXnIuS+csaB4MdZbTdmGDLo8XhzBG1N7aO11gKDDkJvBLULeFTo46wwreA==}
    hasBin: true

  msgpackr@1.11.4:
    resolution: {integrity: sha512-uaff7RG9VIC4jacFW9xzL3jc0iM32DNHe4jYVycBcjUePT/Klnfj7pqtWJt9khvDFizmjN2TlYniYmSS2LIaZg==}

  multipasta@0.2.7:
    resolution: {integrity: sha512-KPA58d68KgGil15oDqXjkUBEBYc00XvbPj5/X+dyzeo/lWm9Nc25pQRlf1D+gv4OpK7NM0J1odrbu9JNNGvynA==}

  node-addon-api@7.1.1:
    resolution: {integrity: sha512-5m3bsyrjFWE1xf7nz7YXdN4udnVtXK6/Yfgn5qnahL6bCkf2yKt4k3nuTKAtT4r3IG8JNR2ncsIMdZuAzJjHQQ==}

  node-gyp-build-optional-packages@5.2.2:
    resolution: {integrity: sha512-s+w+rBWnpTMwSFbaE0UXsRlg7hU4FjekKU4eyAih5T8nJuNZT1nNsskXpxmeqSK9UzkBl6UgRlnKc8hz8IEqOw==}
    hasBin: true

  oxc-parser@0.74.0:
    resolution: {integrity: sha512-2tDN/ttU8WE6oFh8EzKNam7KE7ZXSG5uXmvX85iNzxdJfMssDWcj3gpYzZi1E04XuE7m3v1dVWl/8BE886vPGw==}
    engines: {node: '>=20.0.0'}

  oxlint@1.6.0:
    resolution: {integrity: sha512-jtaD65PqzIa1udvSxxscTKBxYKuZoFXyKGLiU1Qjo1ulq3uv/fQDtoV1yey1FrQZrQjACGPi1Widsy1TucC7Jg==}
    engines: {node: '>=8.*'}
    hasBin: true

  picomatch@2.3.1:
    resolution: {integrity: sha512-JU3teHTNjmE2VCGFzuY8EXzCDVwEqB2a8fsIvwaStHhAWJEeVd1o1QD80CU6+ZdEXXSLbSsuLwJjkCBWqRQUVA==}
    engines: {node: '>=8.6'}

  prettier@3.6.2:
    resolution: {integrity: sha512-I7AIg5boAr5R0FFtJ6rCfD+LFsWHp81dolrFD8S79U9tb8Az2nGrJncnMSnys+bpQJfRUzqs9hnA81OAA3hCuQ==}
    engines: {node: '>=14'}
    hasBin: true

  pure-rand@6.1.0:
    resolution: {integrity: sha512-bVWawvoZoBYpp6yIoQtQXHZjmz35RSVHnUOTefl8Vcjr8snTPY1wnpSPMWekcFwbxI6gtmT7rSYPFvz71ldiOA==}

  resolve-pkg-maps@1.0.0:
    resolution: {integrity: sha512-seS2Tj26TBVOC2NIc2rOe2y2ZO7efxITtLZcGSOnHHNOQ7CkiUBfw0Iw2ck6xkIhPwLhKNLS8BO+hEpngQlqzw==}

  swagger-ui-dist@5.26.2:
    resolution: {integrity: sha512-WmMS9iMlHQejNm/Uw5ZTo4e3M2QMmEavRz7WLWVsq7Mlx4PSHJbY+VCrLsAz9wLxyHVgrJdt7N8+SdQLa52Ykg==}

  to-regex-range@5.0.1:
    resolution: {integrity: sha512-65P7iz6X5yEr1cwcgvQxbbIw7Uk3gOy5dIdtZ4rDveLqhrdJP+Li/Hx6tyK0NEb+2GCyneCMJiGqrADCSNk8sQ==}
    engines: {node: '>=8.0'}

  tslib@2.8.1:
    resolution: {integrity: sha512-oJFu94HQb+KVduSUQL7wnpmqnfmLsOA/nAh6b6EH0wCEoK0/mPeXU6c3wKDV83MkOuHPRHtSXKKU99IBazS/2w==}

  tsx@4.20.3:
    resolution: {integrity: sha512-qjbnuR9Tr+FJOMBqJCW5ehvIo/buZq7vH7qD7JziU98h6l3qGy0a/yPFjwO+y0/T7GFpNgNAvEcPPVfyT8rrPQ==}
    engines: {node: '>=18.0.0'}
    hasBin: true

  typescript@5.8.3:
    resolution: {integrity: sha512-p1diW6TqL9L07nNxvRMM7hMMw4c5XOo/1ibL4aAIGmSAt9slTE1Xgw5KWuof2uTOvCg9BY7ZRi+GaF+7sfgPeQ==}
    engines: {node: '>=14.17'}
    hasBin: true

  undici@7.11.0:
    resolution: {integrity: sha512-heTSIac3iLhsmZhUCjyS3JQEkZELateufzZuBaVM5RHXdSBMb1LPMQf5x+FH7qjsZYDP0ttAc3nnVpUB+wYbOg==}
    engines: {node: '>=20.18.1'}

  uuid@11.1.0:
    resolution: {integrity: sha512-0/A9rDy9P7cJ+8w1c9WD9V//9Wj15Ce2MPz8Ri6032usz+NfePxx5AcN3bN+r6ZL6jEo066/yNYB3tn4pQEx+A==}
    hasBin: true

  ws@8.18.3:
    resolution: {integrity: sha512-PEIGCY5tSlUt50cqyMXfCzX+oOPqN0vuGqWzbcJ2xvnkzkq46oOpz7dQaTDBdfICb4N14+GARUDw2XV2N4tvzg==}
    engines: {node: '>=10.0.0'}
    peerDependencies:
      bufferutil: ^4.0.1
      utf-8-validate: '>=5.0.2'
    peerDependenciesMeta:
      bufferutil:
        optional: true
      utf-8-validate:
        optional: true

snapshots:

  '@effect/cluster@0.29.22(@effect/platform@0.88.1(effect@3.16.14))(@effect/rpc@0.55.17(@effect/platform@0.88.1(effect@3.16.14))(effect@3.16.14))(@effect/sql@0.33.21(@effect/experimental@0.44.21(@effect/platform@0.88.1(effect@3.16.14))(effect@3.16.14))(@effect/platform@0.88.1(effect@3.16.14))(effect@3.16.14))(effect@3.16.14)':
    dependencies:
      '@effect/platform': 0.88.1(effect@3.16.14)
      '@effect/rpc': 0.55.17(@effect/platform@0.88.1(effect@3.16.14))(effect@3.16.14)
      '@effect/sql': 0.33.21(@effect/experimental@0.44.21(@effect/platform@0.88.1(effect@3.16.14))(effect@3.16.14))(@effect/platform@0.88.1(effect@3.16.14))(effect@3.16.14)
      effect: 3.16.14

  '@effect/experimental@0.44.21(@effect/platform@0.88.1(effect@3.16.14))(effect@3.16.14)':
    dependencies:
      '@effect/platform': 0.88.1(effect@3.16.14)
      effect: 3.16.14
      uuid: 11.1.0

  '@effect/platform-node-shared@0.44.0(@effect/cluster@0.29.22(@effect/platform@0.88.1(effect@3.16.14))(@effect/rpc@0.55.17(@effect/platform@0.88.1(effect@3.16.14))(effect@3.16.14))(@effect/sql@0.33.21(@effect/experimental@0.44.21(@effect/platform@0.88.1(effect@3.16.14))(effect@3.16.14))(@effect/platform@0.88.1(effect@3.16.14))(effect@3.16.14))(effect@3.16.14))(@effect/platform@0.88.1(effect@3.16.14))(@effect/rpc@0.55.17(@effect/platform@0.88.1(effect@3.16.14))(effect@3.16.14))(@effect/sql@0.33.21(@effect/experimental@0.44.21(@effect/platform@0.88.1(effect@3.16.14))(effect@3.16.14))(@effect/platform@0.88.1(effect@3.16.14))(effect@3.16.14))(effect@3.16.14)':
    dependencies:
      '@effect/cluster': 0.29.22(@effect/platform@0.88.1(effect@3.16.14))(@effect/rpc@0.55.17(@effect/platform@0.88.1(effect@3.16.14))(effect@3.16.14))(@effect/sql@0.33.21(@effect/experimental@0.44.21(@effect/platform@0.88.1(effect@3.16.14))(effect@3.16.14))(@effect/platform@0.88.1(effect@3.16.14))(effect@3.16.14))(effect@3.16.14)
      '@effect/platform': 0.88.1(effect@3.16.14)
      '@effect/rpc': 0.55.17(@effect/platform@0.88.1(effect@3.16.14))(effect@3.16.14)
      '@effect/sql': 0.33.21(@effect/experimental@0.44.21(@effect/platform@0.88.1(effect@3.16.14))(effect@3.16.14))(@effect/platform@0.88.1(effect@3.16.14))(effect@3.16.14)
      '@parcel/watcher': 2.5.1
      effect: 3.16.14
      multipasta: 0.2.7
      ws: 8.18.3
    transitivePeerDependencies:
      - bufferutil
      - utf-8-validate

  '@effect/platform-node@0.91.0(@effect/cluster@0.29.22(@effect/platform@0.88.1(effect@3.16.14))(@effect/rpc@0.55.17(@effect/platform@0.88.1(effect@3.16.14))(effect@3.16.14))(@effect/sql@0.33.21(@effect/experimental@0.44.21(@effect/platform@0.88.1(effect@3.16.14))(effect@3.16.14))(@effect/platform@0.88.1(effect@3.16.14))(effect@3.16.14))(effect@3.16.14))(@effect/platform@0.88.1(effect@3.16.14))(@effect/rpc@0.55.17(@effect/platform@0.88.1(effect@3.16.14))(effect@3.16.14))(@effect/sql@0.33.21(@effect/experimental@0.44.21(@effect/platform@0.88.1(effect@3.16.14))(effect@3.16.14))(@effect/platform@0.88.1(effect@3.16.14))(effect@3.16.14))(effect@3.16.14)':
    dependencies:
      '@effect/cluster': 0.29.22(@effect/platform@0.88.1(effect@3.16.14))(@effect/rpc@0.55.17(@effect/platform@0.88.1(effect@3.16.14))(effect@3.16.14))(@effect/sql@0.33.21(@effect/experimental@0.44.21(@effect/platform@0.88.1(effect@3.16.14))(effect@3.16.14))(@effect/platform@0.88.1(effect@3.16.14))(effect@3.16.14))(effect@3.16.14)
      '@effect/platform': 0.88.1(effect@3.16.14)
      '@effect/platform-node-shared': 0.44.0(@effect/cluster@0.29.22(@effect/platform@0.88.1(effect@3.16.14))(@effect/rpc@0.55.17(@effect/platform@0.88.1(effect@3.16.14))(effect@3.16.14))(@effect/sql@0.33.21(@effect/experimental@0.44.21(@effect/platform@0.88.1(effect@3.16.14))(effect@3.16.14))(@effect/platform@0.88.1(effect@3.16.14))(effect@3.16.14))(effect@3.16.14))(@effect/platform@0.88.1(effect@3.16.14))(@effect/rpc@0.55.17(@effect/platform@0.88.1(effect@3.16.14))(effect@3.16.14))(@effect/sql@0.33.21(@effect/experimental@0.44.21(@effect/platform@0.88.1(effect@3.16.14))(effect@3.16.14))(@effect/platform@0.88.1(effect@3.16.14))(effect@3.16.14))(effect@3.16.14)
      '@effect/rpc': 0.55.17(@effect/platform@0.88.1(effect@3.16.14))(effect@3.16.14)
      '@effect/sql': 0.33.21(@effect/experimental@0.44.21(@effect/platform@0.88.1(effect@3.16.14))(effect@3.16.14))(@effect/platform@0.88.1(effect@3.16.14))(effect@3.16.14)
      effect: 3.16.14
      mime: 3.0.0
      undici: 7.11.0
      ws: 8.18.3
    transitivePeerDependencies:
      - bufferutil
      - utf-8-validate

  '@effect/platform@0.88.1(effect@3.16.14)':
    dependencies:
      '@opentelemetry/semantic-conventions': 1.36.0
      effect: 3.16.14
      find-my-way-ts: 0.1.6
      msgpackr: 1.11.4
      multipasta: 0.2.7

  '@effect/rpc@0.55.17(@effect/platform@0.88.1(effect@3.16.14))(effect@3.16.14)':
    dependencies:
      '@effect/platform': 0.88.1(effect@3.16.14)
      effect: 3.16.14

  '@effect/sql@0.33.21(@effect/experimental@0.44.21(@effect/platform@0.88.1(effect@3.16.14))(effect@3.16.14))(@effect/platform@0.88.1(effect@3.16.14))(effect@3.16.14)':
    dependencies:
      '@effect/experimental': 0.44.21(@effect/platform@0.88.1(effect@3.16.14))(effect@3.16.14)
      '@effect/platform': 0.88.1(effect@3.16.14)
      '@opentelemetry/semantic-conventions': 1.36.0
      effect: 3.16.14
      uuid: 11.1.0

  '@emnapi/core@1.4.4':
    dependencies:
      '@emnapi/wasi-threads': 1.0.3
      tslib: 2.8.1
    optional: true

  '@emnapi/runtime@1.4.4':
    dependencies:
      tslib: 2.8.1
    optional: true

  '@emnapi/wasi-threads@1.0.3':
    dependencies:
      tslib: 2.8.1
    optional: true

  '@esbuild/aix-ppc64@0.25.6':
    optional: true

  '@esbuild/android-arm64@0.25.6':
    optional: true

  '@esbuild/android-arm@0.25.6':
    optional: true

  '@esbuild/android-x64@0.25.6':
    optional: true

  '@esbuild/darwin-arm64@0.25.6':
    optional: true

  '@esbuild/darwin-x64@0.25.6':
    optional: true

  '@esbuild/freebsd-arm64@0.25.6':
    optional: true

  '@esbuild/freebsd-x64@0.25.6':
    optional: true

  '@esbuild/linux-arm64@0.25.6':
    optional: true

  '@esbuild/linux-arm@0.25.6':
    optional: true

  '@esbuild/linux-ia32@0.25.6':
    optional: true

  '@esbuild/linux-loong64@0.25.6':
    optional: true

  '@esbuild/linux-mips64el@0.25.6':
    optional: true

  '@esbuild/linux-ppc64@0.25.6':
    optional: true

  '@esbuild/linux-riscv64@0.25.6':
    optional: true

  '@esbuild/linux-s390x@0.25.6':
    optional: true

  '@esbuild/linux-x64@0.25.6':
    optional: true

  '@esbuild/netbsd-arm64@0.25.6':
    optional: true

  '@esbuild/netbsd-x64@0.25.6':
    optional: true

  '@esbuild/openbsd-arm64@0.25.6':
    optional: true

  '@esbuild/openbsd-x64@0.25.6':
    optional: true

  '@esbuild/openharmony-arm64@0.25.6':
    optional: true

  '@esbuild/sunos-x64@0.25.6':
    optional: true

  '@esbuild/win32-arm64@0.25.6':
    optional: true

  '@esbuild/win32-ia32@0.25.6':
    optional: true

  '@esbuild/win32-x64@0.25.6':
    optional: true

  '@eslint/js@9.31.0': {}

  '@msgpackr-extract/msgpackr-extract-darwin-arm64@3.0.3':
    optional: true

  '@msgpackr-extract/msgpackr-extract-darwin-x64@3.0.3':
    optional: true

  '@msgpackr-extract/msgpackr-extract-linux-arm64@3.0.3':
    optional: true

  '@msgpackr-extract/msgpackr-extract-linux-arm@3.0.3':
    optional: true

  '@msgpackr-extract/msgpackr-extract-linux-x64@3.0.3':
    optional: true

  '@msgpackr-extract/msgpackr-extract-win32-x64@3.0.3':
    optional: true

  '@napi-rs/wasm-runtime@0.2.12':
    dependencies:
      '@emnapi/core': 1.4.4
      '@emnapi/runtime': 1.4.4
      '@tybys/wasm-util': 0.10.0
    optional: true

  '@opentelemetry/semantic-conventions@1.36.0': {}

  '@oxc-parser/binding-android-arm64@0.74.0':
    optional: true

  '@oxc-parser/binding-darwin-arm64@0.74.0':
    optional: true

  '@oxc-parser/binding-darwin-x64@0.74.0':
    optional: true

  '@oxc-parser/binding-freebsd-x64@0.74.0':
    optional: true

  '@oxc-parser/binding-linux-arm-gnueabihf@0.74.0':
    optional: true

  '@oxc-parser/binding-linux-arm-musleabihf@0.74.0':
    optional: true

  '@oxc-parser/binding-linux-arm64-gnu@0.74.0':
    optional: true

  '@oxc-parser/binding-linux-arm64-musl@0.74.0':
    optional: true

  '@oxc-parser/binding-linux-riscv64-gnu@0.74.0':
    optional: true

  '@oxc-parser/binding-linux-s390x-gnu@0.74.0':
    optional: true

  '@oxc-parser/binding-linux-x64-gnu@0.74.0':
    optional: true

  '@oxc-parser/binding-linux-x64-musl@0.74.0':
    optional: true

  '@oxc-parser/binding-wasm32-wasi@0.74.0':
    dependencies:
      '@napi-rs/wasm-runtime': 0.2.12
    optional: true

  '@oxc-parser/binding-win32-arm64-msvc@0.74.0':
    optional: true

  '@oxc-parser/binding-win32-x64-msvc@0.74.0':
    optional: true

  '@oxc-project/types@0.74.0': {}

  '@oxlint/darwin-arm64@1.6.0':
    optional: true

  '@oxlint/darwin-x64@1.6.0':
    optional: true

  '@oxlint/linux-arm64-gnu@1.6.0':
    optional: true

  '@oxlint/linux-arm64-musl@1.6.0':
    optional: true

  '@oxlint/linux-x64-gnu@1.6.0':
    optional: true

  '@oxlint/linux-x64-musl@1.6.0':
    optional: true

  '@oxlint/win32-arm64@1.6.0':
    optional: true

  '@oxlint/win32-x64@1.6.0':
    optional: true

  '@parcel/watcher-android-arm64@2.5.1':
    optional: true

  '@parcel/watcher-darwin-arm64@2.5.1':
    optional: true

  '@parcel/watcher-darwin-x64@2.5.1':
    optional: true

  '@parcel/watcher-freebsd-x64@2.5.1':
    optional: true

  '@parcel/watcher-linux-arm-glibc@2.5.1':
    optional: true

  '@parcel/watcher-linux-arm-musl@2.5.1':
    optional: true

  '@parcel/watcher-linux-arm64-glibc@2.5.1':
    optional: true

  '@parcel/watcher-linux-arm64-musl@2.5.1':
    optional: true

  '@parcel/watcher-linux-x64-glibc@2.5.1':
    optional: true

  '@parcel/watcher-linux-x64-musl@2.5.1':
    optional: true

  '@parcel/watcher-win32-arm64@2.5.1':
    optional: true

  '@parcel/watcher-win32-ia32@2.5.1':
    optional: true

  '@parcel/watcher-win32-x64@2.5.1':
    optional: true

  '@parcel/watcher@2.5.1':
    dependencies:
      detect-libc: 1.0.3
      is-glob: 4.0.3
      micromatch: 4.0.8
      node-addon-api: 7.1.1
    optionalDependencies:
      '@parcel/watcher-android-arm64': 2.5.1
      '@parcel/watcher-darwin-arm64': 2.5.1
      '@parcel/watcher-darwin-x64': 2.5.1
      '@parcel/watcher-freebsd-x64': 2.5.1
      '@parcel/watcher-linux-arm-glibc': 2.5.1
      '@parcel/watcher-linux-arm-musl': 2.5.1
      '@parcel/watcher-linux-arm64-glibc': 2.5.1
      '@parcel/watcher-linux-arm64-musl': 2.5.1
      '@parcel/watcher-linux-x64-glibc': 2.5.1
      '@parcel/watcher-linux-x64-musl': 2.5.1
      '@parcel/watcher-win32-arm64': 2.5.1
      '@parcel/watcher-win32-ia32': 2.5.1
      '@parcel/watcher-win32-x64': 2.5.1

  '@prettier/plugin-oxc@0.0.4':
    dependencies:
      oxc-parser: 0.74.0

  '@scarf/scarf@1.4.0': {}

  '@standard-schema/spec@1.0.0': {}

  '@tybys/wasm-util@0.10.0':
    dependencies:
      tslib: 2.8.1
    optional: true

  braces@3.0.3:
    dependencies:
      fill-range: 7.1.1

  detect-libc@1.0.3: {}

  detect-libc@2.0.4:
    optional: true

  effect-http-node@0.27.0(@effect/platform-node@0.91.0(@effect/cluster@0.29.22(@effect/platform@0.88.1(effect@3.16.14))(@effect/rpc@0.55.17(@effect/platform@0.88.1(effect@3.16.14))(effect@3.16.14))(@effect/sql@0.33.21(@effect/experimental@0.44.21(@effect/platform@0.88.1(effect@3.16.14))(effect@3.16.14))(@effect/platform@0.88.1(effect@3.16.14))(effect@3.16.14))(effect@3.16.14))(@effect/platform@0.88.1(effect@3.16.14))(@effect/rpc@0.55.17(@effect/platform@0.88.1(effect@3.16.14))(effect@3.16.14))(@effect/sql@0.33.21(@effect/experimental@0.44.21(@effect/platform@0.88.1(effect@3.16.14))(effect@3.16.14))(@effect/platform@0.88.1(effect@3.16.14))(effect@3.16.14))(effect@3.16.14))(@effect/platform@0.88.1(effect@3.16.14))(effect-http@0.87.0(@effect/platform@0.88.1(effect@3.16.14))(effect@3.16.14))(effect@3.16.14):
    dependencies:
      '@effect/platform': 0.88.1(effect@3.16.14)
      '@effect/platform-node': 0.91.0(@effect/cluster@0.29.22(@effect/platform@0.88.1(effect@3.16.14))(@effect/rpc@0.55.17(@effect/platform@0.88.1(effect@3.16.14))(effect@3.16.14))(@effect/sql@0.33.21(@effect/experimental@0.44.21(@effect/platform@0.88.1(effect@3.16.14))(effect@3.16.14))(@effect/platform@0.88.1(effect@3.16.14))(effect@3.16.14))(effect@3.16.14))(@effect/platform@0.88.1(effect@3.16.14))(@effect/rpc@0.55.17(@effect/platform@0.88.1(effect@3.16.14))(effect@3.16.14))(@effect/sql@0.33.21(@effect/experimental@0.44.21(@effect/platform@0.88.1(effect@3.16.14))(effect@3.16.14))(@effect/platform@0.88.1(effect@3.16.14))(effect@3.16.14))(effect@3.16.14)
      effect: 3.16.14
      effect-http: 0.87.0(@effect/platform@0.88.1(effect@3.16.14))(effect@3.16.14)
      swagger-ui-dist: 5.26.2

  effect-http@0.87.0(@effect/platform@0.88.1(effect@3.16.14))(effect@3.16.14):
    dependencies:
      '@effect/platform': 0.88.1(effect@3.16.14)
      effect: 3.16.14

  effect@3.16.14:
    dependencies:
      '@standard-schema/spec': 1.0.0
      fast-check: 3.23.2

  esbuild@0.25.6:
    optionalDependencies:
      '@esbuild/aix-ppc64': 0.25.6
      '@esbuild/android-arm': 0.25.6
      '@esbuild/android-arm64': 0.25.6
      '@esbuild/android-x64': 0.25.6
      '@esbuild/darwin-arm64': 0.25.6
      '@esbuild/darwin-x64': 0.25.6
      '@esbuild/freebsd-arm64': 0.25.6
      '@esbuild/freebsd-x64': 0.25.6
      '@esbuild/linux-arm': 0.25.6
      '@esbuild/linux-arm64': 0.25.6
      '@esbuild/linux-ia32': 0.25.6
      '@esbuild/linux-loong64': 0.25.6
      '@esbuild/linux-mips64el': 0.25.6
      '@esbuild/linux-ppc64': 0.25.6
      '@esbuild/linux-riscv64': 0.25.6
      '@esbuild/linux-s390x': 0.25.6
      '@esbuild/linux-x64': 0.25.6
      '@esbuild/netbsd-arm64': 0.25.6
      '@esbuild/netbsd-x64': 0.25.6
      '@esbuild/openbsd-arm64': 0.25.6
      '@esbuild/openbsd-x64': 0.25.6
      '@esbuild/openharmony-arm64': 0.25.6
      '@esbuild/sunos-x64': 0.25.6
      '@esbuild/win32-arm64': 0.25.6
      '@esbuild/win32-ia32': 0.25.6
      '@esbuild/win32-x64': 0.25.6

  fast-check@3.23.2:
    dependencies:
      pure-rand: 6.1.0

  fill-range@7.1.1:
    dependencies:
      to-regex-range: 5.0.1

  find-my-way-ts@0.1.6: {}

  fsevents@2.3.3:
    optional: true

  get-tsconfig@4.10.1:
    dependencies:
      resolve-pkg-maps: 1.0.0

  is-extglob@2.1.1: {}

  is-glob@4.0.3:
    dependencies:
      is-extglob: 2.1.1

  is-number@7.0.0: {}

  marked@16.0.0: {}

  micromatch@4.0.8:
    dependencies:
      braces: 3.0.3
      picomatch: 2.3.1

  mime@3.0.0: {}

  msgpackr-extract@3.0.3:
    dependencies:
      node-gyp-build-optional-packages: 5.2.2
    optionalDependencies:
      '@msgpackr-extract/msgpackr-extract-darwin-arm64': 3.0.3
      '@msgpackr-extract/msgpackr-extract-darwin-x64': 3.0.3
      '@msgpackr-extract/msgpackr-extract-linux-arm': 3.0.3
      '@msgpackr-extract/msgpackr-extract-linux-arm64': 3.0.3
      '@msgpackr-extract/msgpackr-extract-linux-x64': 3.0.3
      '@msgpackr-extract/msgpackr-extract-win32-x64': 3.0.3
    optional: true

  msgpackr@1.11.4:
    optionalDependencies:
      msgpackr-extract: 3.0.3

  multipasta@0.2.7: {}

  node-addon-api@7.1.1: {}

  node-gyp-build-optional-packages@5.2.2:
    dependencies:
      detect-libc: 2.0.4
    optional: true

  oxc-parser@0.74.0:
    dependencies:
      '@oxc-project/types': 0.74.0
    optionalDependencies:
      '@oxc-parser/binding-android-arm64': 0.74.0
      '@oxc-parser/binding-darwin-arm64': 0.74.0
      '@oxc-parser/binding-darwin-x64': 0.74.0
      '@oxc-parser/binding-freebsd-x64': 0.74.0
      '@oxc-parser/binding-linux-arm-gnueabihf': 0.74.0
      '@oxc-parser/binding-linux-arm-musleabihf': 0.74.0
      '@oxc-parser/binding-linux-arm64-gnu': 0.74.0
      '@oxc-parser/binding-linux-arm64-musl': 0.74.0
      '@oxc-parser/binding-linux-riscv64-gnu': 0.74.0
      '@oxc-parser/binding-linux-s390x-gnu': 0.74.0
      '@oxc-parser/binding-linux-x64-gnu': 0.74.0
      '@oxc-parser/binding-linux-x64-musl': 0.74.0
      '@oxc-parser/binding-wasm32-wasi': 0.74.0
      '@oxc-parser/binding-win32-arm64-msvc': 0.74.0
      '@oxc-parser/binding-win32-x64-msvc': 0.74.0

  oxlint@1.6.0:
    optionalDependencies:
      '@oxlint/darwin-arm64': 1.6.0
      '@oxlint/darwin-x64': 1.6.0
      '@oxlint/linux-arm64-gnu': 1.6.0
      '@oxlint/linux-arm64-musl': 1.6.0
      '@oxlint/linux-x64-gnu': 1.6.0
      '@oxlint/linux-x64-musl': 1.6.0
      '@oxlint/win32-arm64': 1.6.0
      '@oxlint/win32-x64': 1.6.0

  picomatch@2.3.1: {}

  prettier@3.6.2: {}

  pure-rand@6.1.0: {}

  resolve-pkg-maps@1.0.0: {}

  swagger-ui-dist@5.26.2:
    dependencies:
      '@scarf/scarf': 1.4.0

  to-regex-range@5.0.1:
    dependencies:
      is-number: 7.0.0

  tslib@2.8.1:
    optional: true

  tsx@4.20.3:
    dependencies:
      esbuild: 0.25.6
      get-tsconfig: 4.10.1
    optionalDependencies:
      fsevents: 2.3.3

  typescript@5.8.3: {}

  undici@7.11.0: {}

  uuid@11.1.0: {}

  ws@8.18.3: {}
